
Microsoft Visual Studio Solution File, Format Version 12.00
# Visual Studio Version 16
VisualStudioVersion = 16.0.30114.105
MinimumVisualStudioVersion = 10.0.40219.1
Project("{FAE04EC0-301F-11D3-BF4B-00C04F79EFBC}") = "API", "API\API.csproj", "{8FB9CCE9-B0F4-4750-BB53-2832D0788E58}"
EndProject
Project("{FAE04EC0-301F-11D3-BF4B-00C04F79EFBC}") = "Application", "Application\Application.csproj", "{8E7A6B9E-BD5C-4918-BB69-30622790CDB2}"
EndProject
Project("{FAE04EC0-301F-11D3-BF4B-00C04F79EFBC}") = "Persistence", "Persistence\Persistence.csproj", "{B26203BD-274E-47AD-9776-7F30BA2D7616}"
EndProject
Project("{FAE04EC0-301F-11D3-BF4B-00C04F79EFBC}") = "Domain", "Domain\Domain.csproj", "{D8AEE184-C99D-448D-80D0-1600F565DA0B}"
EndProject
Global
	GlobalSection(SolutionConfigurationPlatforms) = preSolution
		Debug|Any CPU = Debug|Any CPU
		Debug|x64 = Debug|x64
		Debug|x86 = Debug|x86
		Release|Any CPU = Release|Any CPU
		Release|x64 = Release|x64
		Release|x86 = Release|x86
	EndGlobalSection
	GlobalSection(SolutionProperties) = preSolution
		HideSolutionNode = FALSE
	EndGlobalSection
	GlobalSection(ProjectConfigurationPlatforms) = postSolution
		{8FB9CCE9-B0F4-4750-BB53-2832D0788E58}.Debug|Any CPU.ActiveCfg = Debug|Any CPU
		{8FB9CCE9-B0F4-4750-BB53-2832D0788E58}.Debug|Any CPU.Build.0 = Debug|Any CPU
		{8FB9CCE9-B0F4-4750-BB53-2832D0788E58}.Debug|x64.ActiveCfg = Debug|Any CPU
		{8FB9CCE9-B0F4-4750-BB53-2832D0788E58}.Debug|x64.Build.0 = Debug|Any CPU
		{8FB9CCE9-B0F4-4750-BB53-2832D0788E58}.Debug|x86.ActiveCfg = Debug|Any CPU
		{8FB9CCE9-B0F4-4750-BB53-2832D0788E58}.Debug|x86.Build.0 = Debug|Any CPU
		{8FB9CCE9-B0F4-4750-BB53-2832D0788E58}.Release|Any CPU.ActiveCfg = Release|Any CPU
		{8FB9CCE9-B0F4-4750-BB53-2832D0788E58}.Release|Any CPU.Build.0 = Release|Any CPU
		{8FB9CCE9-B0F4-4750-BB53-2832D0788E58}.Release|x64.ActiveCfg = Release|Any CPU
		{8FB9CCE9-B0F4-4750-BB53-2832D0788E58}.Release|x64.Build.0 = Release|Any CPU
		{8FB9CCE9-B0F4-4750-BB53-2832D0788E58}.Release|x86.ActiveCfg = Release|Any CPU
		{8FB9CCE9-B0F4-4750-BB53-2832D0788E58}.Release|x86.Build.0 = Release|Any CPU
		{8E7A6B9E-BD5C-4918-BB69-30622790CDB2}.Debug|Any CPU.ActiveCfg = Debug|Any CPU
		{8E7A6B9E-BD5C-4918-BB69-30622790CDB2}.Debug|Any CPU.Build.0 = Debug|Any CPU
		{8E7A6B9E-BD5C-4918-BB69-30622790CDB2}.Debug|x64.ActiveCfg = Debug|Any CPU
		{8E7A6B9E-BD5C-4918-BB69-30622790CDB2}.Debug|x64.Build.0 = Debug|Any CPU
		{8E7A6B9E-BD5C-4918-BB69-30622790CDB2}.Debug|x86.ActiveCfg = Debug|Any CPU
		{8E7A6B9E-BD5C-4918-BB69-30622790CDB2}.Debug|x86.Build.0 = Debug|Any CPU
		{8E7A6B9E-BD5C-4918-BB69-30622790CDB2}.Release|Any CPU.ActiveCfg = Release|Any CPU
		{8E7A6B9E-BD5C-4918-BB69-30622790CDB2}.Release|Any CPU.Build.0 = Release|Any CPU
		{8E7A6B9E-BD5C-4918-BB69-30622790CDB2}.Release|x64.ActiveCfg = Release|Any CPU
		{8E7A6B9E-BD5C-4918-BB69-30622790CDB2}.Release|x64.Build.0 = Release|Any CPU
		{8E7A6B9E-BD5C-4918-BB69-30622790CDB2}.Release|x86.ActiveCfg = Release|Any CPU
		{8E7A6B9E-BD5C-4918-BB69-30622790CDB2}.Release|x86.Build.0 = Release|Any CPU
		{B26203BD-274E-47AD-9776-7F30BA2D7616}.Debug|Any CPU.ActiveCfg = Debug|Any CPU
		{B26203BD-274E-47AD-9776-7F30BA2D7616}.Debug|Any CPU.Build.0 = Debug|Any CPU
		{B26203BD-274E-47AD-9776-7F30BA2D7616}.Debug|x64.ActiveCfg = Debug|Any CPU
		{B26203BD-274E-47AD-9776-7F30BA2D7616}.Debug|x64.Build.0 = Debug|Any CPU
		{B26203BD-274E-47AD-9776-7F30BA2D7616}.Debug|x86.ActiveCfg = Debug|Any CPU
		{B26203BD-274E-47AD-9776-7F30BA2D7616}.Debug|x86.Build.0 = Debug|Any CPU
		{B26203BD-274E-47AD-9776-7F30BA2D7616}.Release|Any CPU.ActiveCfg = Release|Any CPU
		{B26203BD-274E-47AD-9776-7F30BA2D7616}.Release|Any CPU.Build.0 = Release|Any CPU
		{B26203BD-274E-47AD-9776-7F30BA2D7616}.Release|x64.ActiveCfg = Release|Any CPU
		{B26203BD-274E-47AD-9776-7F30BA2D7616}.Release|x64.Build.0 = Release|Any CPU
		{B26203BD-274E-47AD-9776-7F30BA2D7616}.Release|x86.ActiveCfg = Release|Any CPU
		{B26203BD-274E-47AD-9776-7F30BA2D7616}.Release|x86.Build.0 = Release|Any CPU
		{D8AEE184-C99D-448D-80D0-1600F565DA0B}.Debug|Any CPU.ActiveCfg = Debug|Any CPU
		{D8AEE184-C99D-448D-80D0-1600F565DA0B}.Debug|Any CPU.Build.0 = Debug|Any CPU
		{D8AEE184-C99D-448D-80D0-1600F565DA0B}.Debug|x64.ActiveCfg = Debug|Any CPU
		{D8AEE184-C99D-448D-80D0-1600F565DA0B}.Debug|x64.Build.0 = Debug|Any CPU
		{D8AEE184-C99D-448D-80D0-1600F565DA0B}.Debug|x86.ActiveCfg = Debug|Any CPU
		{D8AEE184-C99D-448D-80D0-1600F565DA0B}.Debug|x86.Build.0 = Debug|Any CPU
		{D8AEE184-C99D-448D-80D0-1600F565DA0B}.Release|Any CPU.ActiveCfg = Release|Any CPU
		{D8AEE184-C99D-448D-80D0-1600F565DA0B}.Release|Any CPU.Build.0 = Release|Any CPU
		{D8AEE184-C99D-448D-80D0-1600F565DA0B}.Release|x64.ActiveCfg = Release|Any CPU
		{D8AEE184-C99D-448D-80D0-1600F565DA0B}.Release|x64.Build.0 = Release|Any CPU
		{D8AEE184-C99D-448D-80D0-1600F565DA0B}.Release|x86.ActiveCfg = Release|Any CPU
		{D8AEE184-C99D-448D-80D0-1600F565DA0B}.Release|x86.Build.0 = Release|Any CPU
	EndGlobalSection
EndGlobal
